// !$*UTF8*$!
{
	archiveVersion = 1;
	classes = {
	};
	objectVersion = 46;
	objects = {

/* Begin PBXBuildFile section */
		043FC26D20AA7855006CE52B /* BSNotificationView.m in Sources */ = {isa = PBXBuildFile; fileRef = 043FC26720AA7855006CE52B /* BSNotificationView.m */; };
		043FC27420AA7944006CE52B /* UIWindow+BSNotification.m in Sources */ = {isa = PBXBuildFile; fileRef = 043FC27020AA7943006CE52B /* UIWindow+BSNotification.m */; };
		043FC27520AA7944006CE52B /* BSNotificationWindow.m in Sources */ = {isa = PBXBuildFile; fileRef = 043FC27120AA7944006CE52B /* BSNotificationWindow.m */; };
		043FC27A20AA794F006CE52B /* BSStatusToastManager.m in Sources */ = {isa = PBXBuildFile; fileRef = 043FC27820AA794F006CE52B /* BSStatusToastManager.m */; };
		043FC27B20AA794F006CE52B /* UIViewController+BSToast.m in Sources */ = {isa = PBXBuildFile; fileRef = 043FC27920AA794F006CE52B /* UIViewController+BSToast.m */; };
		ED042C2E1D18EE43008D003F /* main.m in Sources */ = {isa = PBXBuildFile; fileRef = ED042C2D1D18EE43008D003F /* main.m */; };
		ED042C311D18EE43008D003F /* AppDelegate.m in Sources */ = {isa = PBXBuildFile; fileRef = ED042C301D18EE43008D003F /* AppDelegate.m */; };
		ED042C341D18EE43008D003F /* ViewController.m in Sources */ = {isa = PBXBuildFile; fileRef = ED042C331D18EE43008D003F /* ViewController.m */; };
		ED042C391D18EE43008D003F /* Assets.xcassets in Resources */ = {isa = PBXBuildFile; fileRef = ED042C381D18EE43008D003F /* Assets.xcassets */; };
		ED042C3C1D18EE43008D003F /* LaunchScreen.storyboard in Resources */ = {isa = PBXBuildFile; fileRef = ED042C3A1D18EE43008D003F /* LaunchScreen.storyboard */; };
		ED33EF201EE54C1600CCDA2F /* MessagesToast.m in Sources */ = {isa = PBXBuildFile; fileRef = ED33EF1F1EE54C1500CCDA2F /* MessagesToast.m */; };
/* End PBXBuildFile section */

/* Begin PBXFileReference section */
		043FC26720AA7855006CE52B /* BSNotificationView.m */ = {isa = PBXFileReference; fileEncoding = 4; lastKnownFileType = sourcecode.c.objc; path = BSNotificationView.m; sourceTree = "<group>"; };
		043FC26920AA7855006CE52B /* BSNotificationView.h */ = {isa = PBXFileReference; fileEncoding = 4; lastKnownFileType = sourcecode.c.h; path = BSNotificationView.h; sourceTree = "<group>"; };
		043FC27020AA7943006CE52B /* UIWindow+BSNotification.m */ = {isa = PBXFileReference; fileEncoding = 4; lastKnownFileType = sourcecode.c.objc; path = "UIWindow+BSNotification.m"; sourceTree = "<group>"; };
		043FC27120AA7944006CE52B /* BSNotificationWindow.m */ = {isa = PBXFileReference; fileEncoding = 4; lastKnownFileType = sourcecode.c.objc; path = BSNotificationWindow.m; sourceTree = "<group>"; };
		043FC27220AA7944006CE52B /* UIWindow+BSNotification.h */ = {isa = PBXFileReference; fileEncoding = 4; lastKnownFileType = sourcecode.c.h; path = "UIWindow+BSNotification.h"; sourceTree = "<group>"; };
		043FC27320AA7944006CE52B /* BSNotificationWindow.h */ = {isa = PBXFileReference; fileEncoding = 4; lastKnownFileType = sourcecode.c.h; path = BSNotificationWindow.h; sourceTree = "<group>"; };
		043FC27620AA794F006CE52B /* UIViewController+BSToast.h */ = {isa = PBXFileReference; fileEncoding = 4; lastKnownFileType = sourcecode.c.h; path = "UIViewController+BSToast.h"; sourceTree = "<group>"; };
		043FC27720AA794F006CE52B /* BSStatusToastManager.h */ = {isa = PBXFileReference; fileEncoding = 4; lastKnownFileType = sourcecode.c.h; path = BSStatusToastManager.h; sourceTree = "<group>"; };
		043FC27820AA794F006CE52B /* BSStatusToastManager.m */ = {isa = PBXFileReference; fileEncoding = 4; lastKnownFileType = sourcecode.c.objc; path = BSStatusToastManager.m; sourceTree = "<group>"; };
		043FC27920AA794F006CE52B /* UIViewController+BSToast.m */ = {isa = PBXFileReference; fileEncoding = 4; lastKnownFileType = sourcecode.c.objc; path = "UIViewController+BSToast.m"; sourceTree = "<group>"; };
		ED042C291D18EE43008D003F /* HYToastDemo.app */ = {isa = PBXFileReference; explicitFileType = wrapper.application; includeInIndex = 0; path = HYToastDemo.app; sourceTree = BUILT_PRODUCTS_DIR; };
		ED042C2D1D18EE43008D003F /* main.m */ = {isa = PBXFileReference; lastKnownFileType = sourcecode.c.objc; path = main.m; sourceTree = "<group>"; };
		ED042C2F1D18EE43008D003F /* AppDelegate.h */ = {isa = PBXFileReference; lastKnownFileType = sourcecode.c.h; path = AppDelegate.h; sourceTree = "<group>"; };
		ED042C301D18EE43008D003F /* AppDelegate.m */ = {isa = PBXFileReference; lastKnownFileType = sourcecode.c.objc; path = AppDelegate.m; sourceTree = "<group>"; };
		ED042C321D18EE43008D003F /* ViewController.h */ = {isa = PBXFileReference; lastKnownFileType = sourcecode.c.h; path = ViewController.h; sourceTree = "<group>"; };
		ED042C331D18EE43008D003F /* ViewController.m */ = {isa = PBXFileReference; lastKnownFileType = sourcecode.c.objc; path = ViewController.m; sourceTree = "<group>"; };
		ED042C381D18EE43008D003F /* Assets.xcassets */ = {isa = PBXFileReference; lastKnownFileType = folder.assetcatalog; path = Assets.xcassets; sourceTree = "<group>"; };
		ED042C3B1D18EE43008D003F /* Base */ = {isa = PBXFileReference; lastKnownFileType = file.storyboard; name = Base; path = Base.lproj/LaunchScreen.storyboard; sourceTree = "<group>"; };
		ED042C3D1D18EE43008D003F /* Info.plist */ = {isa = PBXFileReference; lastKnownFileType = text.plist.xml; path = Info.plist; sourceTree = "<group>"; };
		ED33EF1E1EE54C1500CCDA2F /* MessagesToast.h */ = {isa = PBXFileReference; fileEncoding = 4; lastKnownFileType = sourcecode.c.h; path = MessagesToast.h; sourceTree = "<group>"; };
		ED33EF1F1EE54C1500CCDA2F /* MessagesToast.m */ = {isa = PBXFileReference; fileEncoding = 4; lastKnownFileType = sourcecode.c.objc; path = MessagesToast.m; sourceTree = "<group>"; };
/* End PBXFileReference section */

/* Begin PBXFrameworksBuildPhase section */
		ED042C261D18EE43008D003F /* Frameworks */ = {
			isa = PBXFrameworksBuildPhase;
			buildActionMask = 2147483647;
			files = (
			);
			runOnlyForDeploymentPostprocessing = 0;
		};
/* End PBXFrameworksBuildPhase section */

/* Begin PBXGroup section */
		043FC26420AA7855006CE52B /* HYToast */ = {
			isa = PBXGroup;
			children = (
				043FC26520AA7855006CE52B /* HYNotificationToast */,
				043FC26A20AA7855006CE52B /* HYStatusToast */,
			);
			name = HYToast;
			path = ../HYToast;
			sourceTree = "<group>";
		};
		043FC26520AA7855006CE52B /* HYNotificationToast */ = {
			isa = PBXGroup;
			children = (
				043FC27320AA7944006CE52B /* BSNotificationWindow.h */,
				043FC27120AA7944006CE52B /* BSNotificationWindow.m */,
				043FC27220AA7944006CE52B /* UIWindow+BSNotification.h */,
				043FC27020AA7943006CE52B /* UIWindow+BSNotification.m */,
				043FC26920AA7855006CE52B /* BSNotificationView.h */,
				043FC26720AA7855006CE52B /* BSNotificationView.m */,
			);
			path = HYNotificationToast;
			sourceTree = "<group>";
		};
		043FC26A20AA7855006CE52B /* HYStatusToast */ = {
			isa = PBXGroup;
			children = (
				043FC27720AA794F006CE52B /* BSStatusToastManager.h */,
				043FC27820AA794F006CE52B /* BSStatusToastManager.m */,
				043FC27620AA794F006CE52B /* UIViewController+BSToast.h */,
				043FC27920AA794F006CE52B /* UIViewController+BSToast.m */,
			);
			path = HYStatusToast;
			sourceTree = "<group>";
		};
		7EA5D2550D1AD17E5353AE4C /* Frameworks */ = {
			isa = PBXGroup;
			children = (
			);
			name = Frameworks;
			sourceTree = "<group>";
		};
		ED042C201D18EE43008D003F = {
			isa = PBXGroup;
			children = (
				043FC26420AA7855006CE52B /* HYToast */,
				ED042C2B1D18EE43008D003F /* HYToastDemo */,
				ED042C2A1D18EE43008D003F /* Products */,
				7EA5D2550D1AD17E5353AE4C /* Frameworks */,
			);
			sourceTree = "<group>";
		};
		ED042C2A1D18EE43008D003F /* Products */ = {
			isa = PBXGroup;
			children = (
				ED042C291D18EE43008D003F /* HYToastDemo.app */,
			);
			name = Products;
			sourceTree = "<group>";
		};
		ED042C2B1D18EE43008D003F /* HYToastDemo */ = {
			isa = PBXGroup;
			children = (
				ED042C2F1D18EE43008D003F /* AppDelegate.h */,
				ED042C301D18EE43008D003F /* AppDelegate.m */,
				ED042C321D18EE43008D003F /* ViewController.h */,
				ED042C331D18EE43008D003F /* ViewController.m */,
				ED33EF1E1EE54C1500CCDA2F /* MessagesToast.h */,
				ED33EF1F1EE54C1500CCDA2F /* MessagesToast.m */,
				ED042C2C1D18EE43008D003F /* Supporting Files */,
			);
			path = HYToastDemo;
			sourceTree = "<group>";
		};
		ED042C2C1D18EE43008D003F /* Supporting Files */ = {
			isa = PBXGroup;
			children = (
				ED042C381D18EE43008D003F /* Assets.xcassets */,
				ED042C3A1D18EE43008D003F /* LaunchScreen.storyboard */,
				ED042C3D1D18EE43008D003F /* Info.plist */,
				ED042C2D1D18EE43008D003F /* main.m */,
			);
			name = "Supporting Files";
			sourceTree = "<group>";
		};
/* End PBXGroup section */

/* Begin PBXNativeTarget section */
		ED042C281D18EE43008D003F /* HYToastDemo */ = {
			isa = PBXNativeTarget;
			buildConfigurationList = ED042C401D18EE43008D003F /* Build configuration list for PBXNativeTarget "HYToastDemo" */;
			buildPhases = (
				249DC7C8B97ABA70EEDA74D5 /* [CP] Check Pods Manifest.lock */,
				ED042C251D18EE43008D003F /* Sources */,
				ED042C261D18EE43008D003F /* Frameworks */,
				ED042C271D18EE43008D003F /* Resources */,
			);
			buildRules = (
			);
			dependencies = (
			);
			name = HYToastDemo;
			productName = HYToastDemo;
			productReference = ED042C291D18EE43008D003F /* HYToastDemo.app */;
			productType = "com.apple.product-type.application";
		};
/* End PBXNativeTarget section */

/* Begin PBXProject section */
		ED042C211D18EE43008D003F /* Project object */ = {
			isa = PBXProject;
			attributes = {
				LastUpgradeCheck = 0810;
				ORGANIZATIONNAME = XiaoYang;
				TargetAttributes = {
					ED042C281D18EE43008D003F = {
						CreatedOnToolsVersion = 7.3.1;
						DevelopmentTeam = 87N2AEHWHH;
					};
				};
			};
			buildConfigurationList = ED042C241D18EE43008D003F /* Build configuration list for PBXProject "HYToastDemo" */;
			compatibilityVersion = "Xcode 3.2";
			developmentRegion = English;
			hasScannedForEncodings = 0;
			knownRegions = (
				en,
				Base,
			);
			mainGroup = ED042C201D18EE43008D003F;
			productRefGroup = ED042C2A1D18EE43008D003F /* Products */;
			projectDirPath = "";
			projectRoot = "";
			targets = (
				ED042C281D18EE43008D003F /* HYToastDemo */,
			);
		};
/* End PBXProject section */

/* Begin PBXResourcesBuildPhase section */
		ED042C271D18EE43008D003F /* Resources */ = {
			isa = PBXResourcesBuildPhase;
			buildActionMask = 2147483647;
			files = (
				ED042C3C1D18EE43008D003F /* LaunchScreen.storyboard in Resources */,
				ED042C391D18EE43008D003F /* Assets.xcassets in Resources */,
			);
			runOnlyForDeploymentPostprocessing = 0;
		};
/* End PBXResourcesBuildPhase section */

/* Begin PBXShellScriptBuildPhase section */
		249DC7C8B97ABA70EEDA74D5 /* [CP] Check Pods Manifest.lock */ = {
			isa = PBXShellScriptBuildPhase;
			buildActionMask = 2147483647;
			files = (
			);
			inputPaths = (
				"${PODS_PODFILE_DIR_PATH}/Podfile.lock",
				"${PODS_ROOT}/Manifest.lock",
			);
			name = "[CP] Check Pods Manifest.lock";
			outputPaths = (
				"$(DERIVED_FILE_DIR)/Pods-HYToastDemo-checkManifestLockResult.txt",
			);
			runOnlyForDeploymentPostprocessing = 0;
			shellPath = /bin/sh;
			shellScript = "";
			showEnvVarsInLog = 0;
		};
/* End PBXShellScriptBuildPhase section */

/* Begin PBXSourcesBuildPhase section */
		ED042C251D18EE43008D003F /* Sources */ = {
			isa = PBXSourcesBuildPhase;
			buildActionMask = 2147483647;
			files = (
				043FC27A20AA794F006CE52B /* BSStatusToastManager.m in Sources */,
				ED33EF201EE54C1600CCDA2F /* MessagesToast.m in Sources */,
				ED042C341D18EE43008D003F /* ViewController.m in Sources */,
				ED042C311D18EE43008D003F /* AppDelegate.m in Sources */,
				ED042C2E1D18EE43008D003F /* main.m in Sources */,
				043FC26D20AA7855006CE52B /* BSNotificationView.m in Sources */,
				043FC27520AA7944006CE52B /* BSNotificationWindow.m in Sources */,
				043FC27420AA7944006CE52B /* UIWindow+BSNotification.m in Sources */,
				043FC27B20AA794F006CE52B /* UIViewController+BSToast.m in Sources */,
			);
			runOnlyForDeploymentPostprocessing = 0;
		};
/* End PBXSourcesBuildPhase section */

/* Begin PBXVariantGroup section */
		ED042C3A1D18EE43008D003F /* LaunchScreen.storyboard */ = {
			isa = PBXVariantGroup;
			children = (
				ED042C3B1D18EE43008D003F /* Base */,
			);
			name = LaunchScreen.storyboard;
			sourceTree = "<group>";
		};
/* End PBXVariantGroup section */

/* Begin XCBuildConfiguration section */
		ED042C3E1D18EE43008D003F /* Debug */ = {
			isa = XCBuildConfiguration;
			buildSettings = {
				ALWAYS_SEARCH_USER_PATHS = NO;
				CLANG_ANALYZER_NONNULL = YES;
				CLANG_CXX_LANGUAGE_STANDARD = "gnu++0x";
				CLANG_CXX_LIBRARY = "libc++";
				CLANG_ENABLE_MODULES = YES;
				CLANG_ENABLE_OBJC_ARC = YES;
				CLANG_WARN_BOOL_CONVERSION = YES;
				CLANG_WARN_CONSTANT_CONVERSION = YES;
				CLANG_WARN_DIRECT_OBJC_ISA_USAGE = YES_ERROR;
				CLANG_WARN_EMPTY_BODY = YES;
				CLANG_WARN_ENUM_CONVERSION = YES;
				CLANG_WARN_INFINITE_RECURSION = YES;
				CLANG_WARN_INT_CONVERSION = YES;
				CLANG_WARN_OBJC_ROOT_CLASS = YES_ERROR;
				CLANG_WARN_SUSPICIOUS_MOVE = YES;
				CLANG_WARN_UNREACHABLE_CODE = YES;
				CLANG_WARN__DUPLICATE_METHOD_MATCH = YES;
				"CODE_SIGN_IDENTITY[sdk=iphoneos*]" = "iPhone Developer";
				COPY_PHASE_STRIP = NO;
				DEBUG_INFORMATION_FORMAT = dwarf;
				ENABLE_STRICT_OBJC_MSGSEND = YES;
				ENABLE_TESTABILITY = YES;
				GCC_C_LANGUAGE_STANDARD = gnu99;
				GCC_DYNAMIC_NO_PIC = NO;
				GCC_NO_COMMON_BLOCKS = YES;
				GCC_OPTIMIZATION_LEVEL = 0;
				GCC_PREPROCESSOR_DEFINITIONS = (
					"DEBUG=1",
					"$(inherited)",
				);
				GCC_WARN_64_TO_32_BIT_CONVERSION = YES;
				GCC_WARN_ABOUT_RETURN_TYPE = YES_ERROR;
				GCC_WARN_UNDECLARED_SELECTOR = YES;
				GCC_WARN_UNINITIALIZED_AUTOS = YES_AGGRESSIVE;
				GCC_WARN_UNUSED_FUNCTION = YES;
				GCC_WARN_UNUSED_VARIABLE = YES;
				IPHONEOS_DEPLOYMENT_TARGET = 8.0;
				MTL_ENABLE_DEBUG_INFO = YES;
				ONLY_ACTIVE_ARCH = YES;
				SDKROOT = iphoneos;
				TARGETED_DEVICE_FAMILY = "1,2";
			};
			name = Debug;
		};
		ED042C3F1D18EE43008D003F /* Release */ = {
			isa = XCBuildConfiguration;
			buildSettings = {
				ALWAYS_SEARCH_USER_PATHS = NO;
				CLANG_ANALYZER_NONNULL = YES;
				CLANG_CXX_LANGUAGE_STANDARD = "gnu++0x";
				CLANG_CXX_LIBRARY = "libc++";
				CLANG_ENABLE_MODULES = YES;
				CLANG_ENABLE_OBJC_ARC = YES;
				CLANG_WARN_BOOL_CONVERSION = YES;
				CLANG_WARN_CONSTANT_CONVERSION = YES;
				CLANG_WARN_DIRECT_OBJC_ISA_USAGE = YES_ERROR;
				CLANG_WARN_EMPTY_BODY = YES;
				CLANG_WARN_ENUM_CONVERSION = YES;
				CLANG_WARN_INFINITE_RECURSION = YES;
				CLANG_WARN_INT_CONVERSION = YES;
				CLANG_WARN_OBJC_ROOT_CLASS = YES_ERROR;
				CLANG_WARN_SUSPICIOUS_MOVE = YES;
				CLANG_WARN_UNREACHABLE_CODE = YES;
				CLANG_WARN__DUPLICATE_METHOD_MATCH = YES;
				"CODE_SIGN_IDENTITY[sdk=iphoneos*]" = "iPhone Developer";
				COPY_PHASE_STRIP = NO;
				DEBUG_INFORMATION_FORMAT = "dwarf-with-dsym";
				ENABLE_NS_ASSERTIONS = NO;
				ENABLE_STRICT_OBJC_MSGSEND = YES;
				GCC_C_LANGUAGE_STANDARD = gnu99;
				GCC_NO_COMMON_BLOCKS = YES;
				GCC_WARN_64_TO_32_BIT_CONVERSION = YES;
				GCC_WARN_ABOUT_RETURN_TYPE = YES_ERROR;
				GCC_WARN_UNDECLARED_SELECTOR = YES;
				GCC_WARN_UNINITIALIZED_AUTOS = YES_AGGRESSIVE;
				GCC_WARN_UNUSED_FUNCTION = YES;
				GCC_WARN_UNUSED_VARIABLE = YES;
				IPHONEOS_DEPLOYMENT_TARGET = 8.0;
				MTL_ENABLE_DEBUG_INFO = NO;
				SDKROOT = iphoneos;
				TARGETED_DEVICE_FAMILY = "1,2";
				VALIDATE_PRODUCT = YES;
			};
			name = Release;
		};
		ED042C411D18EE43008D003F /* Debug */ = {
			isa = XCBuildConfiguration;
			buildSettings = {
				ASSETCATALOG_COMPILER_APPICON_NAME = AppIcon;
				DEVELOPMENT_TEAM = 87N2AEHWHH;
				ENABLE_BITCODE = NO;
				INFOPLIST_FILE = HYToastDemo/Info.plist;
				LD_RUNPATH_SEARCH_PATHS = "$(inherited) @executable_path/Frameworks";
				PRODUCT_BUNDLE_IDENTIFIER = com.XiaoYang.HYToastDemo;
				PRODUCT_NAME = "$(TARGET_NAME)";
			};
			name = Debug;
		};
		ED042C421D18EE43008D003F /* Release */ = {
			isa = XCBuildConfiguration;
			buildSettings = {
				ASSETCATALOG_COMPILER_APPICON_NAME = AppIcon;
				DEVELOPMENT_TEAM = 87N2AEHWHH;
				ENABLE_BITCODE = NO;
				INFOPLIST_FILE = HYToastDemo/Info.plist;
				LD_RUNPATH_SEARCH_PATHS = "$(inherited) @executable_path/Frameworks";
				PRODUCT_BUNDLE_IDENTIFIER = com.XiaoYang.HYToastDemo;
				PRODUCT_NAME = "$(TARGET_NAME)";
			};
			name = Release;
		};
/* End XCBuildConfiguration section */

/* Begin XCConfigurationList section */
		ED042C241D18EE43008D003F /* Build configuration list for PBXProject "HYToastDemo" */ = {
			isa = XCConfigurationList;
			buildConfigurations = (
				ED042C3E1D18EE43008D003F /* Debug */,
				ED042C3F1D18EE43008D003F /* Release */,
			);
			defaultConfigurationIsVisible = 0;
			defaultConfigurationName = Release;
		};
		ED042C401D18EE43008D003F /* Build configuration list for PBXNativeTarget "HYToastDemo" */ = {
			isa = XCConfigurationList;
			buildConfigurations = (
				ED042C411D18EE43008D003F /* Debug */,
				ED042C421D18EE43008D003F /* Release */,
			);
			defaultConfigurationIsVisible = 0;
			defaultConfigurationName = Release;
		};
/* End XCConfigurationList section */
	};
	rootObject = ED042C211D18EE43008D003F /* Project object */;
}
