// !$*UTF8*$!
{
	archiveVersion = 1;
	classes = {
	};
	objectVersion = 46;
	objects = {

/* Begin PBXBuildFile section */
		6161036766D362929DB86677 /* libPods-HYToastDemo.a in Frameworks */ = {isa = PBXBuildFile; fileRef = 8E585E3A261DD6DE9B6DEB2A /* libPods-HYToastDemo.a */; };
		ED042C2E1D18EE43008D003F /* main.m in Sources */ = {isa = PBXBuildFile; fileRef = ED042C2D1D18EE43008D003F /* main.m */; };
		ED042C311D18EE43008D003F /* AppDelegate.m in Sources */ = {isa = PBXBuildFile; fileRef = ED042C301D18EE43008D003F /* AppDelegate.m */; };
		ED042C341D18EE43008D003F /* ViewController.m in Sources */ = {isa = PBXBuildFile; fileRef = ED042C331D18EE43008D003F /* ViewController.m */; };
		ED042C391D18EE43008D003F /* Assets.xcassets in Resources */ = {isa = PBXBuildFile; fileRef = ED042C381D18EE43008D003F /* Assets.xcassets */; };
		ED042C3C1D18EE43008D003F /* LaunchScreen.storyboard in Resources */ = {isa = PBXBuildFile; fileRef = ED042C3A1D18EE43008D003F /* LaunchScreen.storyboard */; };
		ED33EF201EE54C1600CCDA2F /* MessagesToast.m in Sources */ = {isa = PBXBuildFile; fileRef = ED33EF1F1EE54C1500CCDA2F /* MessagesToast.m */; };
		ED33EF4A1EE6932E00CCDA2F /* BSNotificationView.m in Sources */ = {isa = PBXBuildFile; fileRef = ED33EF441EE6932E00CCDA2F /* BSNotificationView.m */; };
		ED33EF4B1EE6932E00CCDA2F /* UIView+BSNotification.m in Sources */ = {isa = PBXBuildFile; fileRef = ED33EF461EE6932E00CCDA2F /* UIView+BSNotification.m */; };
		ED33EF4F1EE6A42100CCDA2F /* UIViewController+Toast.m in Sources */ = {isa = PBXBuildFile; fileRef = ED33EF4E1EE6A42100CCDA2F /* UIViewController+Toast.m */; };
/* End PBXBuildFile section */

/* Begin PBXFileReference section */
		5E71B7927AE49B32F83F35FB /* Pods-HYToastDemo.release.xcconfig */ = {isa = PBXFileReference; includeInIndex = 1; lastKnownFileType = text.xcconfig; name = "Pods-HYToastDemo.release.xcconfig"; path = "Pods/Target Support Files/Pods-HYToastDemo/Pods-HYToastDemo.release.xcconfig"; sourceTree = "<group>"; };
		7E2D58585D7D3791F36EABA2 /* Pods-HYToastDemo.debug.xcconfig */ = {isa = PBXFileReference; includeInIndex = 1; lastKnownFileType = text.xcconfig; name = "Pods-HYToastDemo.debug.xcconfig"; path = "Pods/Target Support Files/Pods-HYToastDemo/Pods-HYToastDemo.debug.xcconfig"; sourceTree = "<group>"; };
		8E585E3A261DD6DE9B6DEB2A /* libPods-HYToastDemo.a */ = {isa = PBXFileReference; explicitFileType = archive.ar; includeInIndex = 0; path = "libPods-HYToastDemo.a"; sourceTree = BUILT_PRODUCTS_DIR; };
		ED042C291D18EE43008D003F /* HYToastDemo.app */ = {isa = PBXFileReference; explicitFileType = wrapper.application; includeInIndex = 0; path = HYToastDemo.app; sourceTree = BUILT_PRODUCTS_DIR; };
		ED042C2D1D18EE43008D003F /* main.m */ = {isa = PBXFileReference; lastKnownFileType = sourcecode.c.objc; path = main.m; sourceTree = "<group>"; };
		ED042C2F1D18EE43008D003F /* AppDelegate.h */ = {isa = PBXFileReference; lastKnownFileType = sourcecode.c.h; path = AppDelegate.h; sourceTree = "<group>"; };
		ED042C301D18EE43008D003F /* AppDelegate.m */ = {isa = PBXFileReference; lastKnownFileType = sourcecode.c.objc; path = AppDelegate.m; sourceTree = "<group>"; };
		ED042C321D18EE43008D003F /* ViewController.h */ = {isa = PBXFileReference; lastKnownFileType = sourcecode.c.h; path = ViewController.h; sourceTree = "<group>"; };
		ED042C331D18EE43008D003F /* ViewController.m */ = {isa = PBXFileReference; lastKnownFileType = sourcecode.c.objc; path = ViewController.m; sourceTree = "<group>"; };
		ED042C381D18EE43008D003F /* Assets.xcassets */ = {isa = PBXFileReference; lastKnownFileType = folder.assetcatalog; path = Assets.xcassets; sourceTree = "<group>"; };
		ED042C3B1D18EE43008D003F /* Base */ = {isa = PBXFileReference; lastKnownFileType = file.storyboard; name = Base; path = Base.lproj/LaunchScreen.storyboard; sourceTree = "<group>"; };
		ED042C3D1D18EE43008D003F /* Info.plist */ = {isa = PBXFileReference; lastKnownFileType = text.plist.xml; path = Info.plist; sourceTree = "<group>"; };
		ED33EF1E1EE54C1500CCDA2F /* MessagesToast.h */ = {isa = PBXFileReference; fileEncoding = 4; lastKnownFileType = sourcecode.c.h; path = MessagesToast.h; sourceTree = "<group>"; };
		ED33EF1F1EE54C1500CCDA2F /* MessagesToast.m */ = {isa = PBXFileReference; fileEncoding = 4; lastKnownFileType = sourcecode.c.objc; path = MessagesToast.m; sourceTree = "<group>"; };
		ED33EF431EE6932E00CCDA2F /* BSNotificationView.h */ = {isa = PBXFileReference; fileEncoding = 4; lastKnownFileType = sourcecode.c.h; path = BSNotificationView.h; sourceTree = "<group>"; };
		ED33EF441EE6932E00CCDA2F /* BSNotificationView.m */ = {isa = PBXFileReference; fileEncoding = 4; lastKnownFileType = sourcecode.c.objc; path = BSNotificationView.m; sourceTree = "<group>"; };
		ED33EF451EE6932E00CCDA2F /* UIView+BSNotification.h */ = {isa = PBXFileReference; fileEncoding = 4; lastKnownFileType = sourcecode.c.h; path = "UIView+BSNotification.h"; sourceTree = "<group>"; };
		ED33EF461EE6932E00CCDA2F /* UIView+BSNotification.m */ = {isa = PBXFileReference; fileEncoding = 4; lastKnownFileType = sourcecode.c.objc; path = "UIView+BSNotification.m"; sourceTree = "<group>"; };
		ED33EF4D1EE6A42100CCDA2F /* UIViewController+Toast.h */ = {isa = PBXFileReference; fileEncoding = 4; lastKnownFileType = sourcecode.c.h; path = "UIViewController+Toast.h"; sourceTree = "<group>"; };
		ED33EF4E1EE6A42100CCDA2F /* UIViewController+Toast.m */ = {isa = PBXFileReference; fileEncoding = 4; lastKnownFileType = sourcecode.c.objc; path = "UIViewController+Toast.m"; sourceTree = "<group>"; };
/* End PBXFileReference section */

/* Begin PBXFrameworksBuildPhase section */
		ED042C261D18EE43008D003F /* Frameworks */ = {
			isa = PBXFrameworksBuildPhase;
			buildActionMask = 2147483647;
			files = (
				6161036766D362929DB86677 /* libPods-HYToastDemo.a in Frameworks */,
			);
			runOnlyForDeploymentPostprocessing = 0;
		};
/* End PBXFrameworksBuildPhase section */

/* Begin PBXGroup section */
		7EA5D2550D1AD17E5353AE4C /* Frameworks */ = {
			isa = PBXGroup;
			children = (
				8E585E3A261DD6DE9B6DEB2A /* libPods-HYToastDemo.a */,
			);
			name = Frameworks;
			sourceTree = "<group>";
		};
		9BB40E09F4C1181DE3857931 /* Pods */ = {
			isa = PBXGroup;
			children = (
				7E2D58585D7D3791F36EABA2 /* Pods-HYToastDemo.debug.xcconfig */,
				5E71B7927AE49B32F83F35FB /* Pods-HYToastDemo.release.xcconfig */,
			);
			name = Pods;
			sourceTree = "<group>";
		};
		ED042C201D18EE43008D003F = {
			isa = PBXGroup;
			children = (
				ED042C2B1D18EE43008D003F /* HYToastDemo */,
				ED042C2A1D18EE43008D003F /* Products */,
				9BB40E09F4C1181DE3857931 /* Pods */,
				7EA5D2550D1AD17E5353AE4C /* Frameworks */,
			);
			sourceTree = "<group>";
		};
		ED042C2A1D18EE43008D003F /* Products */ = {
			isa = PBXGroup;
			children = (
				ED042C291D18EE43008D003F /* HYToastDemo.app */,
			);
			name = Products;
			sourceTree = "<group>";
		};
		ED042C2B1D18EE43008D003F /* HYToastDemo */ = {
			isa = PBXGroup;
			children = (
				ED33EF411EE6932E00CCDA2F /* HYToast */,
				ED042C2F1D18EE43008D003F /* AppDelegate.h */,
				ED042C301D18EE43008D003F /* AppDelegate.m */,
				ED042C321D18EE43008D003F /* ViewController.h */,
				ED042C331D18EE43008D003F /* ViewController.m */,
				ED33EF1E1EE54C1500CCDA2F /* MessagesToast.h */,
				ED33EF1F1EE54C1500CCDA2F /* MessagesToast.m */,
				ED042C2C1D18EE43008D003F /* Supporting Files */,
			);
			path = HYToastDemo;
			sourceTree = "<group>";
		};
		ED042C2C1D18EE43008D003F /* Supporting Files */ = {
			isa = PBXGroup;
			children = (
				ED042C381D18EE43008D003F /* Assets.xcassets */,
				ED042C3A1D18EE43008D003F /* LaunchScreen.storyboard */,
				ED042C3D1D18EE43008D003F /* Info.plist */,
				ED042C2D1D18EE43008D003F /* main.m */,
			);
			name = "Supporting Files";
			sourceTree = "<group>";
		};
		ED33EF411EE6932E00CCDA2F /* HYToast */ = {
			isa = PBXGroup;
			children = (
				ED33EF421EE6932E00CCDA2F /* HYNotificationToast */,
				ED33EF471EE6932E00CCDA2F /* HYStatusToast */,
			);
			path = HYToast;
			sourceTree = "<group>";
		};
		ED33EF421EE6932E00CCDA2F /* HYNotificationToast */ = {
			isa = PBXGroup;
			children = (
				ED33EF431EE6932E00CCDA2F /* BSNotificationView.h */,
				ED33EF441EE6932E00CCDA2F /* BSNotificationView.m */,
				ED33EF451EE6932E00CCDA2F /* UIView+BSNotification.h */,
				ED33EF461EE6932E00CCDA2F /* UIView+BSNotification.m */,
			);
			path = HYNotificationToast;
			sourceTree = "<group>";
		};
		ED33EF471EE6932E00CCDA2F /* HYStatusToast */ = {
			isa = PBXGroup;
			children = (
				ED33EF4D1EE6A42100CCDA2F /* UIViewController+Toast.h */,
				ED33EF4E1EE6A42100CCDA2F /* UIViewController+Toast.m */,
			);
			path = HYStatusToast;
			sourceTree = "<group>";
		};
/* End PBXGroup section */

/* Begin PBXNativeTarget section */
		ED042C281D18EE43008D003F /* HYToastDemo */ = {
			isa = PBXNativeTarget;
			buildConfigurationList = ED042C401D18EE43008D003F /* Build configuration list for PBXNativeTarget "HYToastDemo" */;
			buildPhases = (
				249DC7C8B97ABA70EEDA74D5 /* [CP] Check Pods Manifest.lock */,
				ED042C251D18EE43008D003F /* Sources */,
				ED042C261D18EE43008D003F /* Frameworks */,
				ED042C271D18EE43008D003F /* Resources */,
				77D5F7335778B03BEDB84042 /* [CP] Embed Pods Frameworks */,
				B8E1DDE45D76A00270D44536 /* [CP] Copy Pods Resources */,
			);
			buildRules = (
			);
			dependencies = (
			);
			name = HYToastDemo;
			productName = HYToastDemo;
			productReference = ED042C291D18EE43008D003F /* HYToastDemo.app */;
			productType = "com.apple.product-type.application";
		};
/* End PBXNativeTarget section */

/* Begin PBXProject section */
		ED042C211D18EE43008D003F /* Project object */ = {
			isa = PBXProject;
			attributes = {
				LastUpgradeCheck = 0810;
				ORGANIZATIONNAME = XiaoYang;
				TargetAttributes = {
					ED042C281D18EE43008D003F = {
						CreatedOnToolsVersion = 7.3.1;
						DevelopmentTeam = 87N2AEHWHH;
					};
				};
			};
			buildConfigurationList = ED042C241D18EE43008D003F /* Build configuration list for PBXProject "HYToastDemo" */;
			compatibilityVersion = "Xcode 3.2";
			developmentRegion = English;
			hasScannedForEncodings = 0;
			knownRegions = (
				en,
				Base,
			);
			mainGroup = ED042C201D18EE43008D003F;
			productRefGroup = ED042C2A1D18EE43008D003F /* Products */;
			projectDirPath = "";
			projectRoot = "";
			targets = (
				ED042C281D18EE43008D003F /* HYToastDemo */,
			);
		};
/* End PBXProject section */

/* Begin PBXResourcesBuildPhase section */
		ED042C271D18EE43008D003F /* Resources */ = {
			isa = PBXResourcesBuildPhase;
			buildActionMask = 2147483647;
			files = (
				ED042C3C1D18EE43008D003F /* LaunchScreen.storyboard in Resources */,
				ED042C391D18EE43008D003F /* Assets.xcassets in Resources */,
			);
			runOnlyForDeploymentPostprocessing = 0;
		};
/* End PBXResourcesBuildPhase section */

/* Begin PBXShellScriptBuildPhase section */
		249DC7C8B97ABA70EEDA74D5 /* [CP] Check Pods Manifest.lock */ = {
			isa = PBXShellScriptBuildPhase;
			buildActionMask = 2147483647;
			files = (
			);
			inputPaths = (
				"${PODS_PODFILE_DIR_PATH}/Podfile.lock",
				"${PODS_ROOT}/Manifest.lock",
			);
			name = "[CP] Check Pods Manifest.lock";
			outputPaths = (
				"$(DERIVED_FILE_DIR)/Pods-HYToastDemo-checkManifestLockResult.txt",
			);
			runOnlyForDeploymentPostprocessing = 0;
			shellPath = /bin/sh;
			shellScript = "diff \"${PODS_PODFILE_DIR_PATH}/Podfile.lock\" \"${PODS_ROOT}/Manifest.lock\" > /dev/null\nif [ $? != 0 ] ; then\n    # print error to STDERR\n    echo \"error: The sandbox is not in sync with the Podfile.lock. Run 'pod install' or update your CocoaPods installation.\" >&2\n    exit 1\nfi\n# This output is used by Xcode 'outputs' to avoid re-running this script phase.\necho \"SUCCESS\" > \"${SCRIPT_OUTPUT_FILE_0}\"\n";
			showEnvVarsInLog = 0;
		};
		77D5F7335778B03BEDB84042 /* [CP] Embed Pods Frameworks */ = {
			isa = PBXShellScriptBuildPhase;
			buildActionMask = 2147483647;
			files = (
			);
			inputPaths = (
			);
			name = "[CP] Embed Pods Frameworks";
			outputPaths = (
			);
			runOnlyForDeploymentPostprocessing = 0;
			shellPath = /bin/sh;
			shellScript = "\"${SRCROOT}/Pods/Target Support Files/Pods-HYToastDemo/Pods-HYToastDemo-frameworks.sh\"\n";
			showEnvVarsInLog = 0;
		};
		B8E1DDE45D76A00270D44536 /* [CP] Copy Pods Resources */ = {
			isa = PBXShellScriptBuildPhase;
			buildActionMask = 2147483647;
			files = (
			);
			inputPaths = (
			);
			name = "[CP] Copy Pods Resources";
			outputPaths = (
			);
			runOnlyForDeploymentPostprocessing = 0;
			shellPath = /bin/sh;
			shellScript = "\"${SRCROOT}/Pods/Target Support Files/Pods-HYToastDemo/Pods-HYToastDemo-resources.sh\"\n";
			showEnvVarsInLog = 0;
		};
/* End PBXShellScriptBuildPhase section */

/* Begin PBXSourcesBuildPhase section */
		ED042C251D18EE43008D003F /* Sources */ = {
			isa = PBXSourcesBuildPhase;
			buildActionMask = 2147483647;
			files = (
				ED33EF201EE54C1600CCDA2F /* MessagesToast.m in Sources */,
				ED042C341D18EE43008D003F /* ViewController.m in Sources */,
				ED33EF4B1EE6932E00CCDA2F /* UIView+BSNotification.m in Sources */,
				ED042C311D18EE43008D003F /* AppDelegate.m in Sources */,
				ED042C2E1D18EE43008D003F /* main.m in Sources */,
				ED33EF4A1EE6932E00CCDA2F /* BSNotificationView.m in Sources */,
				ED33EF4F1EE6A42100CCDA2F /* UIViewController+Toast.m in Sources */,
			);
			runOnlyForDeploymentPostprocessing = 0;
		};
/* End PBXSourcesBuildPhase section */

/* Begin PBXVariantGroup section */
		ED042C3A1D18EE43008D003F /* LaunchScreen.storyboard */ = {
			isa = PBXVariantGroup;
			children = (
				ED042C3B1D18EE43008D003F /* Base */,
			);
			name = LaunchScreen.storyboard;
			sourceTree = "<group>";
		};
/* End PBXVariantGroup section */

/* Begin XCBuildConfiguration section */
		ED042C3E1D18EE43008D003F /* Debug */ = {
			isa = XCBuildConfiguration;
			buildSettings = {
				ALWAYS_SEARCH_USER_PATHS = NO;
				CLANG_ANALYZER_NONNULL = YES;
				CLANG_CXX_LANGUAGE_STANDARD = "gnu++0x";
				CLANG_CXX_LIBRARY = "libc++";
				CLANG_ENABLE_MODULES = YES;
				CLANG_ENABLE_OBJC_ARC = YES;
				CLANG_WARN_BOOL_CONVERSION = YES;
				CLANG_WARN_CONSTANT_CONVERSION = YES;
				CLANG_WARN_DIRECT_OBJC_ISA_USAGE = YES_ERROR;
				CLANG_WARN_EMPTY_BODY = YES;
				CLANG_WARN_ENUM_CONVERSION = YES;
				CLANG_WARN_INFINITE_RECURSION = YES;
				CLANG_WARN_INT_CONVERSION = YES;
				CLANG_WARN_OBJC_ROOT_CLASS = YES_ERROR;
				CLANG_WARN_SUSPICIOUS_MOVE = YES;
				CLANG_WARN_UNREACHABLE_CODE = YES;
				CLANG_WARN__DUPLICATE_METHOD_MATCH = YES;
				"CODE_SIGN_IDENTITY[sdk=iphoneos*]" = "iPhone Developer";
				COPY_PHASE_STRIP = NO;
				DEBUG_INFORMATION_FORMAT = dwarf;
				ENABLE_STRICT_OBJC_MSGSEND = YES;
				ENABLE_TESTABILITY = YES;
				GCC_C_LANGUAGE_STANDARD = gnu99;
				GCC_DYNAMIC_NO_PIC = NO;
				GCC_NO_COMMON_BLOCKS = YES;
				GCC_OPTIMIZATION_LEVEL = 0;
				GCC_PREPROCESSOR_DEFINITIONS = (
					"DEBUG=1",
					"$(inherited)",
				);
				GCC_WARN_64_TO_32_BIT_CONVERSION = YES;
				GCC_WARN_ABOUT_RETURN_TYPE = YES_ERROR;
				GCC_WARN_UNDECLARED_SELECTOR = YES;
				GCC_WARN_UNINITIALIZED_AUTOS = YES_AGGRESSIVE;
				GCC_WARN_UNUSED_FUNCTION = YES;
				GCC_WARN_UNUSED_VARIABLE = YES;
				IPHONEOS_DEPLOYMENT_TARGET = 8.0;
				MTL_ENABLE_DEBUG_INFO = YES;
				ONLY_ACTIVE_ARCH = YES;
				SDKROOT = iphoneos;
				TARGETED_DEVICE_FAMILY = "1,2";
			};
			name = Debug;
		};
		ED042C3F1D18EE43008D003F /* Release */ = {
			isa = XCBuildConfiguration;
			buildSettings = {
				ALWAYS_SEARCH_USER_PATHS = NO;
				CLANG_ANALYZER_NONNULL = YES;
				CLANG_CXX_LANGUAGE_STANDARD = "gnu++0x";
				CLANG_CXX_LIBRARY = "libc++";
				CLANG_ENABLE_MODULES = YES;
				CLANG_ENABLE_OBJC_ARC = YES;
				CLANG_WARN_BOOL_CONVERSION = YES;
				CLANG_WARN_CONSTANT_CONVERSION = YES;
				CLANG_WARN_DIRECT_OBJC_ISA_USAGE = YES_ERROR;
				CLANG_WARN_EMPTY_BODY = YES;
				CLANG_WARN_ENUM_CONVERSION = YES;
				CLANG_WARN_INFINITE_RECURSION = YES;
				CLANG_WARN_INT_CONVERSION = YES;
				CLANG_WARN_OBJC_ROOT_CLASS = YES_ERROR;
				CLANG_WARN_SUSPICIOUS_MOVE = YES;
				CLANG_WARN_UNREACHABLE_CODE = YES;
				CLANG_WARN__DUPLICATE_METHOD_MATCH = YES;
				"CODE_SIGN_IDENTITY[sdk=iphoneos*]" = "iPhone Developer";
				COPY_PHASE_STRIP = NO;
				DEBUG_INFORMATION_FORMAT = "dwarf-with-dsym";
				ENABLE_NS_ASSERTIONS = NO;
				ENABLE_STRICT_OBJC_MSGSEND = YES;
				GCC_C_LANGUAGE_STANDARD = gnu99;
				GCC_NO_COMMON_BLOCKS = YES;
				GCC_WARN_64_TO_32_BIT_CONVERSION = YES;
				GCC_WARN_ABOUT_RETURN_TYPE = YES_ERROR;
				GCC_WARN_UNDECLARED_SELECTOR = YES;
				GCC_WARN_UNINITIALIZED_AUTOS = YES_AGGRESSIVE;
				GCC_WARN_UNUSED_FUNCTION = YES;
				GCC_WARN_UNUSED_VARIABLE = YES;
				IPHONEOS_DEPLOYMENT_TARGET = 8.0;
				MTL_ENABLE_DEBUG_INFO = NO;
				SDKROOT = iphoneos;
				TARGETED_DEVICE_FAMILY = "1,2";
				VALIDATE_PRODUCT = YES;
			};
			name = Release;
		};
		ED042C411D18EE43008D003F /* Debug */ = {
			isa = XCBuildConfiguration;
			baseConfigurationReference = 7E2D58585D7D3791F36EABA2 /* Pods-HYToastDemo.debug.xcconfig */;
			buildSettings = {
				ASSETCATALOG_COMPILER_APPICON_NAME = AppIcon;
				DEVELOPMENT_TEAM = 87N2AEHWHH;
				ENABLE_BITCODE = NO;
				INFOPLIST_FILE = HYToastDemo/Info.plist;
				LD_RUNPATH_SEARCH_PATHS = "$(inherited) @executable_path/Frameworks";
				PRODUCT_BUNDLE_IDENTIFIER = com.XiaoYang.HYToastDemo;
				PRODUCT_NAME = "$(TARGET_NAME)";
			};
			name = Debug;
		};
		ED042C421D18EE43008D003F /* Release */ = {
			isa = XCBuildConfiguration;
			baseConfigurationReference = 5E71B7927AE49B32F83F35FB /* Pods-HYToastDemo.release.xcconfig */;
			buildSettings = {
				ASSETCATALOG_COMPILER_APPICON_NAME = AppIcon;
				DEVELOPMENT_TEAM = 87N2AEHWHH;
				ENABLE_BITCODE = NO;
				INFOPLIST_FILE = HYToastDemo/Info.plist;
				LD_RUNPATH_SEARCH_PATHS = "$(inherited) @executable_path/Frameworks";
				PRODUCT_BUNDLE_IDENTIFIER = com.XiaoYang.HYToastDemo;
				PRODUCT_NAME = "$(TARGET_NAME)";
			};
			name = Release;
		};
/* End XCBuildConfiguration section */

/* Begin XCConfigurationList section */
		ED042C241D18EE43008D003F /* Build configuration list for PBXProject "HYToastDemo" */ = {
			isa = XCConfigurationList;
			buildConfigurations = (
				ED042C3E1D18EE43008D003F /* Debug */,
				ED042C3F1D18EE43008D003F /* Release */,
			);
			defaultConfigurationIsVisible = 0;
			defaultConfigurationName = Release;
		};
		ED042C401D18EE43008D003F /* Build configuration list for PBXNativeTarget "HYToastDemo" */ = {
			isa = XCConfigurationList;
			buildConfigurations = (
				ED042C411D18EE43008D003F /* Debug */,
				ED042C421D18EE43008D003F /* Release */,
			);
			defaultConfigurationIsVisible = 0;
			defaultConfigurationName = Release;
		};
/* End XCConfigurationList section */
	};
	rootObject = ED042C211D18EE43008D003F /* Project object */;
}
